
Microsoft Visual Studio Solution File, Format Version 12.00
# Visual Studio Version 16
VisualStudioVersion = 16.0.31729.503
MinimumVisualStudioVersion = 10.0.40219.1
Project("{FAE04EC0-301F-11D3-BF4B-00C04F79EFBC}") = "Discord.app", "Discord.app.csproj", "{75DFAF36-3847-4072-9630-934E9643AA73}"
EndProject
Global
	GlobalSection(SolutionConfigurationPlatforms) = preSolution
		Debug|Any CPU = Debug|Any CPU
		Release|Any CPU = Release|Any CPU
	EndGlobalSection
	GlobalSection(ProjectConfigurationPlatforms) = postSolution
		{75DFAF36-3847-4072-9630-934E9643AA73}.Debug|Any CPU.ActiveCfg = Debug|Any CPU
		{75DFAF36-3847-4072-9630-934E9643AA73}.Debug|Any CPU.Build.0 = Debug|Any CPU
		{75DFAF36-3847-4072-9630-934E9643AA73}.Release|Any CPU.ActiveCfg = Release|Any CPU
		{75DFAF36-3847-4072-9630-934E9643AA73}.Release|Any CPU.Build.0 = Release|Any CPU
	EndGlobalSection
	GlobalSection(SolutionProperties) = preSolution
		HideSolutionNode = FALSE
	EndGlobalSection
	GlobalSection(ExtensibilityGlobals) = postSolution
		SolutionGuid = {30EDEC15-5718-4B22-96F1-7AFB7C6B3AB1}
	EndGlobalSection
EndGlobal
